{
  "name": "jinnnij",
  "version": "1.0.0",
  "lockfileVersion": 1,
  "requires": true,
  "dependencies": {
    "letterizejs": {
      "version": "2.0.1",
      "resolved": "https://registry.npmjs.org/letterizejs/-/letterizejs-2.0.1.tgz",
      "integrity": "sha512-ofKV11GGUdEZELXSwR97AteC3Uv9cmLt7IB+L5BLyMp8khDBCwGs+B+c6FHoL/n7vAPC2aeva5WU3gdOuFIhmA=="
    }
  }
}
